{
  "version": "3",
  "packages": {
    "specifiers": {
      "npm:gray-matter": "npm:gray-matter@4.0.3",
      "npm:highlight.js": "npm:highlight.js@11.9.0",
      "npm:lightningcss@1.23.0": "npm:lightningcss@1.23.0",
      "npm:marked": "npm:marked@11.2.0",
      "npm:marked-highlight": "npm:marked-highlight@2.1.0_marked@11.2.0"
    },
    "npm": {
      "argparse@1.0.10": {
        "integrity": "sha512-o5Roy6tNG4SL/FOkCAN6RzjiakZS25RLYFrcMttJqbdd8BWrnA+fGz57iN5Pb06pvBGvl5gQ0B48dJlslXvoTg==",
        "dependencies": {
          "sprintf-js": "sprintf-js@1.0.3"
        }
      },
      "detect-libc@1.0.3": {
        "integrity": "sha512-pGjwhsmsp4kL2RTz08wcOlGN83otlqHeD/Z5T8GXZB+/YcpQ/dgo+lbU8ZsGxV0HIvqqxo9l7mqYwyYMD9bKDg==",
        "dependencies": {}
      },
      "esprima@4.0.1": {
        "integrity": "sha512-eGuFFw7Upda+g4p+QHvnW0RyTX/SVeJBDM/gCtMARO0cLuT2HcEKnTPvhjV6aGeqrCB/sbNop0Kszm0jsaWU4A==",
        "dependencies": {}
      },
      "extend-shallow@2.0.1": {
        "integrity": "sha512-zCnTtlxNoAiDc3gqY2aYAWFx7XWWiasuF2K8Me5WbN8otHKTUKBwjPtNpRs/rbUZm7KxWAaNj7P1a/p52GbVug==",
        "dependencies": {
          "is-extendable": "is-extendable@0.1.1"
        }
      },
      "gray-matter@4.0.3": {
        "integrity": "sha512-5v6yZd4JK3eMI3FqqCouswVqwugaA9r4dNZB1wwcmrD02QkV5H0y7XBQW8QwQqEaZY1pM9aqORSORhJRdNK44Q==",
        "dependencies": {
          "js-yaml": "js-yaml@3.14.1",
          "kind-of": "kind-of@6.0.3",
          "section-matter": "section-matter@1.0.0",
          "strip-bom-string": "strip-bom-string@1.0.0"
        }
      },
      "highlight.js@11.9.0": {
        "integrity": "sha512-fJ7cW7fQGCYAkgv4CPfwFHrfd/cLS4Hau96JuJ+ZTOWhjnhoeN1ub1tFmALm/+lW5z4WCAuAV9bm05AP0mS6Gw==",
        "dependencies": {}
      },
      "is-extendable@0.1.1": {
        "integrity": "sha512-5BMULNob1vgFX6EjQw5izWDxrecWK9AM72rugNr0TFldMOi0fj6Jk+zeKIt0xGj4cEfQIJth4w3OKWOJ4f+AFw==",
        "dependencies": {}
      },
      "js-yaml@3.14.1": {
        "integrity": "sha512-okMH7OXXJ7YrN9Ok3/SXrnu4iX9yOk+25nqX4imS2npuvTYDmo/QEZoqwZkYaIDk3jVvBOTOIEgEhaLOynBS9g==",
        "dependencies": {
          "argparse": "argparse@1.0.10",
          "esprima": "esprima@4.0.1"
        }
      },
      "kind-of@6.0.3": {
        "integrity": "sha512-dcS1ul+9tmeD95T+x28/ehLgd9mENa3LsvDTtzm3vyBEO7RPptvAD+t44WVXaUjTBRcrpFeFlC8WCruUR456hw==",
        "dependencies": {}
      },
      "lightningcss-darwin-arm64@1.23.0": {
        "integrity": "sha512-kl4Pk3Q2lnE6AJ7Qaij47KNEfY2/UXRZBT/zqGA24B8qwkgllr/j7rclKOf1axcslNXvvUdztjo4Xqh39Yq1aA==",
        "dependencies": {}
      },
      "lightningcss-darwin-x64@1.23.0": {
        "integrity": "sha512-KeRFCNoYfDdcolcFXvokVw+PXCapd2yHS1Diko1z1BhRz/nQuD5XyZmxjWdhmhN/zj5sH8YvWsp0/lPLVzqKpg==",
        "dependencies": {}
      },
      "lightningcss-freebsd-x64@1.23.0": {
        "integrity": "sha512-xhnhf0bWPuZxcqknvMDRFFo2TInrmQRWZGB0f6YoAsZX8Y+epfjHeeOIGCfAmgF0DgZxHwYc8mIR5tQU9/+ROA==",
        "dependencies": {}
      },
      "lightningcss-linux-arm-gnueabihf@1.23.0": {
        "integrity": "sha512-fBamf/bULvmWft9uuX+bZske236pUZEoUlaHNBjnueaCTJ/xd8eXgb0cEc7S5o0Nn6kxlauMBnqJpF70Bgq3zg==",
        "dependencies": {}
      },
      "lightningcss-linux-arm64-gnu@1.23.0": {
        "integrity": "sha512-RS7sY77yVLOmZD6xW2uEHByYHhQi5JYWmgVumYY85BfNoVI3DupXSlzbw+b45A9NnVKq45+oXkiN6ouMMtTwfg==",
        "dependencies": {}
      },
      "lightningcss-linux-arm64-musl@1.23.0": {
        "integrity": "sha512-cU00LGb6GUXCwof6ACgSMKo3q7XYbsyTj0WsKHLi1nw7pV0NCq8nFTn6ZRBYLoKiV8t+jWl0Hv8KkgymmK5L5g==",
        "dependencies": {}
      },
      "lightningcss-linux-x64-gnu@1.23.0": {
        "integrity": "sha512-q4jdx5+5NfB0/qMbXbOmuC6oo7caPnFghJbIAV90cXZqgV8Am3miZhC4p+sQVdacqxfd+3nrle4C8icR3p1AYw==",
        "dependencies": {}
      },
      "lightningcss-linux-x64-musl@1.23.0": {
        "integrity": "sha512-G9Ri3qpmF4qef2CV/80dADHKXRAQeQXpQTLx7AiQrBYQHqBjB75oxqj06FCIe5g4hNCqLPnM9fsO4CyiT1sFSQ==",
        "dependencies": {}
      },
      "lightningcss-win32-x64-msvc@1.23.0": {
        "integrity": "sha512-1rcBDJLU+obPPJM6qR5fgBUiCdZwZLafZM5f9kwjFLkb/UBNIzmae39uCSmh71nzPCTXZqHbvwu23OWnWEz+eg==",
        "dependencies": {}
      },
      "lightningcss@1.23.0": {
        "integrity": "sha512-SEArWKMHhqn/0QzOtclIwH5pXIYQOUEkF8DgICd/105O+GCgd7jxjNod/QPnBCSWvpRHQBGVz5fQ9uScby03zA==",
        "dependencies": {
          "detect-libc": "detect-libc@1.0.3",
          "lightningcss-darwin-arm64": "lightningcss-darwin-arm64@1.23.0",
          "lightningcss-darwin-x64": "lightningcss-darwin-x64@1.23.0",
          "lightningcss-freebsd-x64": "lightningcss-freebsd-x64@1.23.0",
          "lightningcss-linux-arm-gnueabihf": "lightningcss-linux-arm-gnueabihf@1.23.0",
          "lightningcss-linux-arm64-gnu": "lightningcss-linux-arm64-gnu@1.23.0",
          "lightningcss-linux-arm64-musl": "lightningcss-linux-arm64-musl@1.23.0",
          "lightningcss-linux-x64-gnu": "lightningcss-linux-x64-gnu@1.23.0",
          "lightningcss-linux-x64-musl": "lightningcss-linux-x64-musl@1.23.0",
          "lightningcss-win32-x64-msvc": "lightningcss-win32-x64-msvc@1.23.0"
        }
      },
      "marked-highlight@2.1.0_marked@11.2.0": {
        "integrity": "sha512-peBvgGZZqUw074Vy/N8Y7/6JQhSnR54/T0Ozq2/fAIBzcYfVfExFdQJptIhQxreR1elpwvJRrqhp6S/Prk8prA==",
        "dependencies": {
          "marked": "marked@11.2.0"
        }
      },
      "marked@11.2.0": {
        "integrity": "sha512-HR0m3bvu0jAPYiIvLUUQtdg1g6D247//lvcekpHO1WMvbwDlwSkZAX9Lw4F4YHE1T0HaaNve0tuAWuV1UJ6vtw==",
        "dependencies": {}
      },
      "section-matter@1.0.0": {
        "integrity": "sha512-vfD3pmTzGpufjScBh50YHKzEu2lxBWhVEHsNGoEXmCmn2hKGfeNLYMzCJpe8cD7gqX7TJluOVpBkAequ6dgMmA==",
        "dependencies": {
          "extend-shallow": "extend-shallow@2.0.1",
          "kind-of": "kind-of@6.0.3"
        }
      },
      "sprintf-js@1.0.3": {
        "integrity": "sha512-D9cPgkvLlV3t3IzL0D0YLvGA9Ahk4PcvVwUbN0dSGr1aP0Nrt4AEnTUbuGvquEC0mA64Gqt1fzirlRs5ibXx8g==",
        "dependencies": {}
      },
      "strip-bom-string@1.0.0": {
        "integrity": "sha512-uCC2VHvQRYu+lMh4My/sFNmF2klFymLX1wHJeXnbEJERpV/ZsVuonzerjfrGpIGF7LBVa1O7i9kjiWvJiFck8g==",
        "dependencies": {}
      }
    }
  },
  "remote": {
    "https://deno.land/std@0.212.0/assert/assert.ts": "bec068b2fccdd434c138a555b19a2c2393b71dfaada02b7d568a01541e67cdc5",
    "https://deno.land/std@0.212.0/assert/assert_exists.ts": "24a7bf965e634f909242cd09fbaf38bde6b791128ece08e33ab08586a7cc55c9",
    "https://deno.land/std@0.212.0/assert/assertion_error.ts": "9f689a101ee586c4ce92f52fa7ddd362e86434ffdf1f848e45987dc7689976b8",
    "https://deno.land/std@0.212.0/cli/parse_args.ts": "cc3e9ac1684a65bada17dbfe1b53cd7c1b1ce1f009fdd1ddb1d62e53a3d9732f",
    "https://deno.land/std@0.212.0/encoding/_util.ts": "beacef316c1255da9bc8e95afb1fa56ed69baef919c88dc06ae6cb7a6103d376",
    "https://deno.land/std@0.212.0/encoding/base64.ts": "0ec6d6e6b68fc38f6396277e5184bcd47c1a9db0222fd0b563487eb67e352741",
    "https://deno.land/std@0.212.0/fmt/bytes.ts": "7b294a4b9cf0297efa55acb55d50610f3e116a0ac772d1df0ae00f0b833ccd4a",
    "https://deno.land/std@0.212.0/fmt/colors.ts": "71e2d7d9911cf3f4f8cceaabe588fd9a4c0228102f4233da62ffd3e421201de7",
    "https://deno.land/std@0.212.0/http/etag.ts": "8570289ed16c6e76aa9aa0af07c9e33842f82fc1518378739696ca95753acd1c",
    "https://deno.land/std@0.212.0/http/file_server.ts": "5927ddba6e28e036a422f3fc84403b16b5d4c3b2cf58d52adfe9fd0db9eece51",
    "https://deno.land/std@0.212.0/http/status.ts": "716c63e9f7a8d109ea3a28f9c81f895d5c30522cdaf39be87b13dfba162cdb3d",
    "https://deno.land/std@0.212.0/media_types/_db.ts": "1d695d9fe1c785e523d6de7191b33f33ecc7866db77358a4f966221cca56e2f9",
    "https://deno.land/std@0.212.0/media_types/_util.ts": "97198fcf0fea9f3613e5294944114ab04788f709bea999e31123321f449dd098",
    "https://deno.land/std@0.212.0/media_types/content_type.ts": "ec2325c8f8c2ce6a081620e145b6e842f98b28ca4cfb88acfc82c74d071bbbf4",
    "https://deno.land/std@0.212.0/media_types/format_media_type.ts": "9fc070ec4dcc3193a9c048b3a20375b311685d22bf4ccf9311970b9dc1fb2ec7",
    "https://deno.land/std@0.212.0/media_types/get_charset.ts": "678383f268db650da0f053655c5cce87cf3b7028f62436bafaf0b2dbf9e761e1",
    "https://deno.land/std@0.212.0/media_types/parse_media_type.ts": "6cecc445f1a47adaeb1e163af7f20d29a1b6be68185c6e78eb12c04fc2dfe3ea",
    "https://deno.land/std@0.212.0/media_types/type_by_extension.ts": "27fb0c5c306ce6c115b071b1a6fca4f1061572e214e3023775680fbe9199f7e8",
    "https://deno.land/std@0.212.0/media_types/vendor/mime-db.v1.52.0.ts": "0218d2c7d900e8cd6fa4a866e0c387712af4af9a1bae55d6b2546c73d273a1e6",
    "https://deno.land/std@0.212.0/path/_common/assert_path.ts": "2ca275f36ac1788b2acb60fb2b79cb06027198bc2ba6fb7e163efaedde98c297",
    "https://deno.land/std@0.212.0/path/_common/constants.ts": "dc5f8057159f4b48cd304eb3027e42f1148cf4df1fb4240774d3492b5d12ac0c",
    "https://deno.land/std@0.212.0/path/_common/normalize.ts": "684df4aa71a04bbcc346c692c8485594fc8a90b9408dfbc26ff32cf3e0c98cc8",
    "https://deno.land/std@0.212.0/path/_common/normalize_string.ts": "dfdf657a1b1a7db7999f7c575ee7e6b0551d9c20f19486c6c3f5ff428384c965",
    "https://deno.land/std@0.212.0/path/_common/relative.ts": "faa2753d9b32320ed4ada0733261e3357c186e5705678d9dd08b97527deae607",
    "https://deno.land/std@0.212.0/path/_os.ts": "8fb9b90fb6b753bd8c77cfd8a33c2ff6c5f5bc185f50de8ca4ac6a05710b2c15",
    "https://deno.land/std@0.212.0/path/extname.ts": "593303db8ae8c865cbd9ceec6e55d4b9ac5410c1e276bfd3131916591b954441",
    "https://deno.land/std@0.212.0/path/join.ts": "ae2ec5ca44c7e84a235fd532e4a0116bfb1f2368b394db1c4fb75e3c0f26a33a",
    "https://deno.land/std@0.212.0/path/posix/_util.ts": "1e3937da30f080bfc99fe45d7ed23c47dd8585c5e473b2d771380d3a6937cf9d",
    "https://deno.land/std@0.212.0/path/posix/extname.ts": "8d36ae0082063c5e1191639699e6f77d3acf501600a3d87b74943f0ae5327427",
    "https://deno.land/std@0.212.0/path/posix/join.ts": "aef88d5fa3650f7516730865dbb951594d1a955b785e2450dbee93b8e32694f3",
    "https://deno.land/std@0.212.0/path/posix/normalize.ts": "baeb49816a8299f90a0237d214cef46f00ba3e95c0d2ceb74205a6a584b58a91",
    "https://deno.land/std@0.212.0/path/posix/relative.ts": "3907d6eda41f0ff723d336125a1ad4349112cd4d48f693859980314d5b9da31c",
    "https://deno.land/std@0.212.0/path/posix/resolve.ts": "bac20d9921beebbbb2b73706683b518b1d0c1b1da514140cee409e90d6b2913a",
    "https://deno.land/std@0.212.0/path/relative.ts": "ab739d727180ed8727e34ed71d976912461d98e2b76de3d3de834c1066667add",
    "https://deno.land/std@0.212.0/path/resolve.ts": "a6f977bdb4272e79d8d0ed4333e3d71367cc3926acf15ac271f1d059c8494d8d",
    "https://deno.land/std@0.212.0/path/separator.ts": "2b5a590d4f1942e70650ee7421d161c24ec7d3b94b49981e4138ae07397fb2d2",
    "https://deno.land/std@0.212.0/path/windows/_util.ts": "d5f47363e5293fced22c984550d5e70e98e266cc3f31769e1710511803d04808",
    "https://deno.land/std@0.212.0/path/windows/extname.ts": "165a61b00d781257fda1e9606a48c78b06815385e7d703232548dbfc95346bef",
    "https://deno.land/std@0.212.0/path/windows/join.ts": "e0b3356615c1a75c56ebb6a7311157911659e11fd533d80d724800126b761ac3",
    "https://deno.land/std@0.212.0/path/windows/normalize.ts": "78126170ab917f0ca355a9af9e65ad6bfa5be14d574c5fb09bb1920f52577780",
    "https://deno.land/std@0.212.0/path/windows/relative.ts": "3e1abc7977ee6cc0db2730d1f9cb38be87b0ce4806759d271a70e4997fc638d7",
    "https://deno.land/std@0.212.0/path/windows/resolve.ts": "75b2e3e1238d840782cee3d8864d82bfaa593c7af8b22f19c6422cf82f330ab3",
    "https://deno.land/std@0.212.0/streams/byte_slice_stream.ts": "5bbdcadb118390affa9b3d0a0f73ef8e83754f59bb89df349add669dd9369713",
    "https://deno.land/std@0.212.0/version.ts": "3159753900a3af68e43a3b21a1995cbc8d28fe85a4e5fbc5736bf21ae84ac8fa"
  }
}
